Microsoft Visual Studio Solution File, Format Version 12.00
# Visual Studio 14
VisualStudioVersion = 14.0.25420.1
MinimumVisualStudioVersion = 10.0.40219.1
Project("{8BC9CEB8-8B4A-11D0-8D11-00A0C91BC942}") = "HeapAndStack", "HeapAndStack\HeapAndStack.vcxproj", "{0CECC722-70DC-4196-95C7-8BB32CB91B78}"
EndProject
Project("{8BC9CEB8-8B4A-11D0-8D11-00A0C91BC942}") = "LinkedList", "LinkedList\LinkedList.vcxproj", "{6357DB06-98B8-48FA-8BEF-79DDBB83CE72}"
EndProject
Project("{8BC9CEB8-8B4A-11D0-8D11-00A0C91BC942}") = "LeetCode", "Misc\Misc.vcxproj", "{737977C5-ECC6-4AC5-9174-14877C4E480C}"
EndProject
Project("{8BC9CEB8-8B4A-11D0-8D11-00A0C91BC942}") = "Arrays", "Arrays\Arrays.vcxproj", "{60DFDC85-6130-46FA-BDE2-4CC20559E544}"
EndProject
Project("{8BC9CEB8-8B4A-11D0-8D11-00A0C91BC942}") = "Miscallaneous", "Miscallaneous\Miscallaneous.vcxproj", "{69E1ABCA-EFA0-47B2-B2FE-FEABA525B320}"
EndProject
Project("{8BC9CEB8-8B4A-11D0-8D11-00A0C91BC942}") = "Trees", "Trees\Trees.vcxproj", "{6BBA98C8-DC3D-412D-9D22-B6ABF6120B96}"
EndProject
Project("{8BC9CEB8-8B4A-11D0-8D11-00A0C91BC942}") = "Recursion", "Recursion\Recursion.vcxproj", "{77FD5CB9-55B1-4E93-8305-98D5CE9A5D8E}"
EndProject
Project("{8BC9CEB8-8B4A-11D0-8D11-00A0C91BC942}") = "STL", "STL\STL.vcxproj", "{C069EFC7-E10E-4C42-A71C-E69A4CD118E2}"
EndProject
Project("{8BC9CEB8-8B4A-11D0-8D11-00A0C91BC942}") = "String", "String\String.vcxproj", "{0AF29DED-B12D-4331-8FE9-84885F239AA9}"
EndProject
Project("{8BC9CEB8-8B4A-11D0-8D11-00A0C91BC942}") = "Templates", "Templates\Templates.vcxproj", "{913E33DB-D4C5-463D-805D-2944E9CA67CF}"
EndProject
Project("{8BC9CEB8-8B4A-11D0-8D11-00A0C91BC942}") = "StacknQueue", "StacknQueue\StacknQueue.vcxproj", "{E6996D2B-7289-4634-BE03-D7446FD3176B}"
EndProject
Project("{8BC9CEB8-8B4A-11D0-8D11-00A0C91BC942}") = "InterviewingIO", "InterviewingIO\InterviewingIO.vcxproj", "{6352DC1F-E337-46E7-AA1D-2DB5487214B6}"
EndProject
Project("{8BC9CEB8-8B4A-11D0-8D11-00A0C91BC942}") = "Maths", "Maths\Maths.vcxproj", "{1FDAEDFC-18AC-4224-993F-06A6DFC44C37}"
EndProject
Project("{8BC9CEB8-8B4A-11D0-8D11-00A0C91BC942}") = "CompletelyRandom", "CompletelyRandom\CompletelyRandom.vcxproj", "{A1165075-9496-44DB-96DB-E8FAAF658868}"
EndProject
Project("{8BC9CEB8-8B4A-11D0-8D11-00A0C91BC942}") = "BitManip", "BitManip\BitManip.vcxproj", "{26D59511-32D0-4563-A7D1-658A22191A19}"
EndProject
Project("{8BC9CEB8-8B4A-11D0-8D11-00A0C91BC942}") = "DynamicProgramming", "DynamicProgramming\DynamicProgramming.vcxproj", "{E7ED3008-43F9-490E-8854-38C3CEA15F88}"
EndProject
Project("{8BC9CEB8-8B4A-11D0-8D11-00A0C91BC942}") = "SmartPointers", "SmartPointers\SmartPointers.vcxproj", "{C26ABEE1-3859-41B0-99F6-16432AD56F41}"
EndProject
Project("{8BC9CEB8-8B4A-11D0-8D11-00A0C91BC942}") = "Graph", "Graph\Graph.vcxproj", "{3E7F36D4-87DB-4CF1-A640-73D7E9DDCFD8}"
EndProject
Global
	GlobalSection(SolutionConfigurationPlatforms) = preSolution
		Debug|x64 = Debug|x64
		Debug|x86 = Debug|x86
		Release|x64 = Release|x64
		Release|x86 = Release|x86
	EndGlobalSection
	GlobalSection(ProjectConfigurationPlatforms) = postSolution
		{0CECC722-70DC-4196-95C7-8BB32CB91B78}.Debug|x64.ActiveCfg = Debug|x64
		{0CECC722-70DC-4196-95C7-8BB32CB91B78}.Debug|x64.Build.0 = Debug|x64
		{0CECC722-70DC-4196-95C7-8BB32CB91B78}.Debug|x86.ActiveCfg = Debug|Win32
		{0CECC722-70DC-4196-95C7-8BB32CB91B78}.Debug|x86.Build.0 = Debug|Win32
		{0CECC722-70DC-4196-95C7-8BB32CB91B78}.Release|x64.ActiveCfg = Release|x64
		{0CECC722-70DC-4196-95C7-8BB32CB91B78}.Release|x64.Build.0 = Release|x64
		{0CECC722-70DC-4196-95C7-8BB32CB91B78}.Release|x86.ActiveCfg = Release|Win32
		{0CECC722-70DC-4196-95C7-8BB32CB91B78}.Release|x86.Build.0 = Release|Win32
		{6357DB06-98B8-48FA-8BEF-79DDBB83CE72}.Debug|x64.ActiveCfg = Debug|x64
		{6357DB06-98B8-48FA-8BEF-79DDBB83CE72}.Debug|x64.Build.0 = Debug|x64
		{6357DB06-98B8-48FA-8BEF-79DDBB83CE72}.Debug|x86.ActiveCfg = Debug|Win32
		{6357DB06-98B8-48FA-8BEF-79DDBB83CE72}.Debug|x86.Build.0 = Debug|Win32
		{6357DB06-98B8-48FA-8BEF-79DDBB83CE72}.Release|x64.ActiveCfg = Release|x64
		{6357DB06-98B8-48FA-8BEF-79DDBB83CE72}.Release|x64.Build.0 = Release|x64
		{6357DB06-98B8-48FA-8BEF-79DDBB83CE72}.Release|x86.ActiveCfg = Release|Win32
		{6357DB06-98B8-48FA-8BEF-79DDBB83CE72}.Release|x86.Build.0 = Release|Win32
		{737977C5-ECC6-4AC5-9174-14877C4E480C}.Debug|x64.ActiveCfg = Debug|x64
		{737977C5-ECC6-4AC5-9174-14877C4E480C}.Debug|x64.Build.0 = Debug|x64
		{737977C5-ECC6-4AC5-9174-14877C4E480C}.Debug|x86.ActiveCfg = Debug|Win32
		{737977C5-ECC6-4AC5-9174-14877C4E480C}.Debug|x86.Build.0 = Debug|Win32
		{737977C5-ECC6-4AC5-9174-14877C4E480C}.Release|x64.ActiveCfg = Release|x64
		{737977C5-ECC6-4AC5-9174-14877C4E480C}.Release|x64.Build.0 = Release|x64
		{737977C5-ECC6-4AC5-9174-14877C4E480C}.Release|x86.ActiveCfg = Release|Win32
		{737977C5-ECC6-4AC5-9174-14877C4E480C}.Release|x86.Build.0 = Release|Win32
		{60DFDC85-6130-46FA-BDE2-4CC20559E544}.Debug|x64.ActiveCfg = Debug|x64
		{60DFDC85-6130-46FA-BDE2-4CC20559E544}.Debug|x64.Build.0 = Debug|x64
		{60DFDC85-6130-46FA-BDE2-4CC20559E544}.Debug|x86.ActiveCfg = Debug|Win32
		{60DFDC85-6130-46FA-BDE2-4CC20559E544}.Debug|x86.Build.0 = Debug|Win32
		{60DFDC85-6130-46FA-BDE2-4CC20559E544}.Release|x64.ActiveCfg = Release|x64
		{60DFDC85-6130-46FA-BDE2-4CC20559E544}.Release|x64.Build.0 = Release|x64
		{60DFDC85-6130-46FA-BDE2-4CC20559E544}.Release|x86.ActiveCfg = Release|Win32
		{60DFDC85-6130-46FA-BDE2-4CC20559E544}.Release|x86.Build.0 = Release|Win32
		{69E1ABCA-EFA0-47B2-B2FE-FEABA525B320}.Debug|x64.ActiveCfg = Debug|x64
		{69E1ABCA-EFA0-47B2-B2FE-FEABA525B320}.Debug|x64.Build.0 = Debug|x64
		{69E1ABCA-EFA0-47B2-B2FE-FEABA525B320}.Debug|x86.ActiveCfg = Debug|Win32
		{69E1ABCA-EFA0-47B2-B2FE-FEABA525B320}.Debug|x86.Build.0 = Debug|Win32
		{69E1ABCA-EFA0-47B2-B2FE-FEABA525B320}.Release|x64.ActiveCfg = Release|x64
		{69E1ABCA-EFA0-47B2-B2FE-FEABA525B320}.Release|x64.Build.0 = Release|x64
		{69E1ABCA-EFA0-47B2-B2FE-FEABA525B320}.Release|x86.ActiveCfg = Release|Win32
		{69E1ABCA-EFA0-47B2-B2FE-FEABA525B320}.Release|x86.Build.0 = Release|Win32
		{6BBA98C8-DC3D-412D-9D22-B6ABF6120B96}.Debug|x64.ActiveCfg = Debug|x64
		{6BBA98C8-DC3D-412D-9D22-B6ABF6120B96}.Debug|x64.Build.0 = Debug|x64
		{6BBA98C8-DC3D-412D-9D22-B6ABF6120B96}.Debug|x86.ActiveCfg = Debug|Win32
		{6BBA98C8-DC3D-412D-9D22-B6ABF6120B96}.Debug|x86.Build.0 = Debug|Win32
		{6BBA98C8-DC3D-412D-9D22-B6ABF6120B96}.Release|x64.ActiveCfg = Release|x64
		{6BBA98C8-DC3D-412D-9D22-B6ABF6120B96}.Release|x64.Build.0 = Release|x64
		{6BBA98C8-DC3D-412D-9D22-B6ABF6120B96}.Release|x86.ActiveCfg = Release|Win32
		{6BBA98C8-DC3D-412D-9D22-B6ABF6120B96}.Release|x86.Build.0 = Release|Win32
		{77FD5CB9-55B1-4E93-8305-98D5CE9A5D8E}.Debug|x64.ActiveCfg = Debug|x64
		{77FD5CB9-55B1-4E93-8305-98D5CE9A5D8E}.Debug|x64.Build.0 = Debug|x64
		{77FD5CB9-55B1-4E93-8305-98D5CE9A5D8E}.Debug|x86.ActiveCfg = Debug|Win32
		{77FD5CB9-55B1-4E93-8305-98D5CE9A5D8E}.Debug|x86.Build.0 = Debug|Win32
		{77FD5CB9-55B1-4E93-8305-98D5CE9A5D8E}.Release|x64.ActiveCfg = Release|x64
		{77FD5CB9-55B1-4E93-8305-98D5CE9A5D8E}.Release|x64.Build.0 = Release|x64
		{77FD5CB9-55B1-4E93-8305-98D5CE9A5D8E}.Release|x86.ActiveCfg = Release|Win32
		{77FD5CB9-55B1-4E93-8305-98D5CE9A5D8E}.Release|x86.Build.0 = Release|Win32
		{C069EFC7-E10E-4C42-A71C-E69A4CD118E2}.Debug|x64.ActiveCfg = Debug|x64
		{C069EFC7-E10E-4C42-A71C-E69A4CD118E2}.Debug|x64.Build.0 = Debug|x64
		{C069EFC7-E10E-4C42-A71C-E69A4CD118E2}.Debug|x86.ActiveCfg = Debug|Win32
		{C069EFC7-E10E-4C42-A71C-E69A4CD118E2}.Debug|x86.Build.0 = Debug|Win32
		{C069EFC7-E10E-4C42-A71C-E69A4CD118E2}.Release|x64.ActiveCfg = Release|x64
		{C069EFC7-E10E-4C42-A71C-E69A4CD118E2}.Release|x64.Build.0 = Release|x64
		{C069EFC7-E10E-4C42-A71C-E69A4CD118E2}.Release|x86.ActiveCfg = Release|Win32
		{C069EFC7-E10E-4C42-A71C-E69A4CD118E2}.Release|x86.Build.0 = Release|Win32
		{0AF29DED-B12D-4331-8FE9-84885F239AA9}.Debug|x64.ActiveCfg = Debug|x64
		{0AF29DED-B12D-4331-8FE9-84885F239AA9}.Debug|x64.Build.0 = Debug|x64
		{0AF29DED-B12D-4331-8FE9-84885F239AA9}.Debug|x86.ActiveCfg = Debug|Win32
		{0AF29DED-B12D-4331-8FE9-84885F239AA9}.Debug|x86.Build.0 = Debug|Win32
		{0AF29DED-B12D-4331-8FE9-84885F239AA9}.Release|x64.ActiveCfg = Release|x64
		{0AF29DED-B12D-4331-8FE9-84885F239AA9}.Release|x64.Build.0 = Release|x64
		{0AF29DED-B12D-4331-8FE9-84885F239AA9}.Release|x86.ActiveCfg = Release|Win32
		{0AF29DED-B12D-4331-8FE9-84885F239AA9}.Release|x86.Build.0 = Release|Win32
		{913E33DB-D4C5-463D-805D-2944E9CA67CF}.Debug|x64.ActiveCfg = Debug|x64
		{913E33DB-D4C5-463D-805D-2944E9CA67CF}.Debug|x64.Build.0 = Debug|x64
		{913E33DB-D4C5-463D-805D-2944E9CA67CF}.Debug|x86.ActiveCfg = Debug|Win32
		{913E33DB-D4C5-463D-805D-2944E9CA67CF}.Debug|x86.Build.0 = Debug|Win32
		{913E33DB-D4C5-463D-805D-2944E9CA67CF}.Release|x64.ActiveCfg = Release|x64
		{913E33DB-D4C5-463D-805D-2944E9CA67CF}.Release|x64.Build.0 = Release|x64
		{913E33DB-D4C5-463D-805D-2944E9CA67CF}.Release|x86.ActiveCfg = Release|Win32
		{913E33DB-D4C5-463D-805D-2944E9CA67CF}.Release|x86.Build.0 = Release|Win32
		{E6996D2B-7289-4634-BE03-D7446FD3176B}.Debug|x64.ActiveCfg = Debug|x64
		{E6996D2B-7289-4634-BE03-D7446FD3176B}.Debug|x64.Build.0 = Debug|x64
		{E6996D2B-7289-4634-BE03-D7446FD3176B}.Debug|x86.ActiveCfg = Debug|Win32
		{E6996D2B-7289-4634-BE03-D7446FD3176B}.Debug|x86.Build.0 = Debug|Win32
		{E6996D2B-7289-4634-BE03-D7446FD3176B}.Release|x64.ActiveCfg = Release|x64
		{E6996D2B-7289-4634-BE03-D7446FD3176B}.Release|x64.Build.0 = Release|x64
		{E6996D2B-7289-4634-BE03-D7446FD3176B}.Release|x86.ActiveCfg = Release|Win32
		{E6996D2B-7289-4634-BE03-D7446FD3176B}.Release|x86.Build.0 = Release|Win32
		{6352DC1F-E337-46E7-AA1D-2DB5487214B6}.Debug|x64.ActiveCfg = Debug|x64
		{6352DC1F-E337-46E7-AA1D-2DB5487214B6}.Debug|x64.Build.0 = Debug|x64
		{6352DC1F-E337-46E7-AA1D-2DB5487214B6}.Debug|x86.ActiveCfg = Debug|Win32
		{6352DC1F-E337-46E7-AA1D-2DB5487214B6}.Debug|x86.Build.0 = Debug|Win32
		{6352DC1F-E337-46E7-AA1D-2DB5487214B6}.Release|x64.ActiveCfg = Release|x64
		{6352DC1F-E337-46E7-AA1D-2DB5487214B6}.Release|x64.Build.0 = Release|x64
		{6352DC1F-E337-46E7-AA1D-2DB5487214B6}.Release|x86.ActiveCfg = Release|Win32
		{6352DC1F-E337-46E7-AA1D-2DB5487214B6}.Release|x86.Build.0 = Release|Win32
		{1FDAEDFC-18AC-4224-993F-06A6DFC44C37}.Debug|x64.ActiveCfg = Debug|x64
		{1FDAEDFC-18AC-4224-993F-06A6DFC44C37}.Debug|x64.Build.0 = Debug|x64
		{1FDAEDFC-18AC-4224-993F-06A6DFC44C37}.Debug|x86.ActiveCfg = Debug|Win32
		{1FDAEDFC-18AC-4224-993F-06A6DFC44C37}.Debug|x86.Build.0 = Debug|Win32
		{1FDAEDFC-18AC-4224-993F-06A6DFC44C37}.Release|x64.ActiveCfg = Release|x64
		{1FDAEDFC-18AC-4224-993F-06A6DFC44C37}.Release|x64.Build.0 = Release|x64
		{1FDAEDFC-18AC-4224-993F-06A6DFC44C37}.Release|x86.ActiveCfg = Release|Win32
		{1FDAEDFC-18AC-4224-993F-06A6DFC44C37}.Release|x86.Build.0 = Release|Win32
		{A1165075-9496-44DB-96DB-E8FAAF658868}.Debug|x64.ActiveCfg = Debug|x64
		{A1165075-9496-44DB-96DB-E8FAAF658868}.Debug|x64.Build.0 = Debug|x64
		{A1165075-9496-44DB-96DB-E8FAAF658868}.Debug|x86.ActiveCfg = Debug|Win32
		{A1165075-9496-44DB-96DB-E8FAAF658868}.Debug|x86.Build.0 = Debug|Win32
		{A1165075-9496-44DB-96DB-E8FAAF658868}.Release|x64.ActiveCfg = Release|x64
		{A1165075-9496-44DB-96DB-E8FAAF658868}.Release|x64.Build.0 = Release|x64
		{A1165075-9496-44DB-96DB-E8FAAF658868}.Release|x86.ActiveCfg = Release|Win32
		{A1165075-9496-44DB-96DB-E8FAAF658868}.Release|x86.Build.0 = Release|Win32
		{26D59511-32D0-4563-A7D1-658A22191A19}.Debug|x64.ActiveCfg = Debug|x64
		{26D59511-32D0-4563-A7D1-658A22191A19}.Debug|x64.Build.0 = Debug|x64
		{26D59511-32D0-4563-A7D1-658A22191A19}.Debug|x86.ActiveCfg = Debug|Win32
		{26D59511-32D0-4563-A7D1-658A22191A19}.Debug|x86.Build.0 = Debug|Win32
		{26D59511-32D0-4563-A7D1-658A22191A19}.Release|x64.ActiveCfg = Release|x64
		{26D59511-32D0-4563-A7D1-658A22191A19}.Release|x64.Build.0 = Release|x64
		{26D59511-32D0-4563-A7D1-658A22191A19}.Release|x86.ActiveCfg = Release|Win32
		{26D59511-32D0-4563-A7D1-658A22191A19}.Release|x86.Build.0 = Release|Win32
		{E7ED3008-43F9-490E-8854-38C3CEA15F88}.Debug|x64.ActiveCfg = Debug|x64
		{E7ED3008-43F9-490E-8854-38C3CEA15F88}.Debug|x64.Build.0 = Debug|x64
		{E7ED3008-43F9-490E-8854-38C3CEA15F88}.Debug|x86.ActiveCfg = Debug|Win32
		{E7ED3008-43F9-490E-8854-38C3CEA15F88}.Debug|x86.Build.0 = Debug|Win32
		{E7ED3008-43F9-490E-8854-38C3CEA15F88}.Release|x64.ActiveCfg = Release|x64
		{E7ED3008-43F9-490E-8854-38C3CEA15F88}.Release|x64.Build.0 = Release|x64
		{E7ED3008-43F9-490E-8854-38C3CEA15F88}.Release|x86.ActiveCfg = Release|Win32
		{E7ED3008-43F9-490E-8854-38C3CEA15F88}.Release|x86.Build.0 = Release|Win32
		{C26ABEE1-3859-41B0-99F6-16432AD56F41}.Debug|x64.ActiveCfg = Debug|x64
		{C26ABEE1-3859-41B0-99F6-16432AD56F41}.Debug|x64.Build.0 = Debug|x64
		{C26ABEE1-3859-41B0-99F6-16432AD56F41}.Debug|x86.ActiveCfg = Debug|Win32
		{C26ABEE1-3859-41B0-99F6-16432AD56F41}.Debug|x86.Build.0 = Debug|Win32
		{C26ABEE1-3859-41B0-99F6-16432AD56F41}.Release|x64.ActiveCfg = Release|x64
		{C26ABEE1-3859-41B0-99F6-16432AD56F41}.Release|x64.Build.0 = Release|x64
		{C26ABEE1-3859-41B0-99F6-16432AD56F41}.Release|x86.ActiveCfg = Release|Win32
		{C26ABEE1-3859-41B0-99F6-16432AD56F41}.Release|x86.Build.0 = Release|Win32
		{3E7F36D4-87DB-4CF1-A640-73D7E9DDCFD8}.Debug|x64.ActiveCfg = Debug|x64
		{3E7F36D4-87DB-4CF1-A640-73D7E9DDCFD8}.Debug|x64.Build.0 = Debug|x64
		{3E7F36D4-87DB-4CF1-A640-73D7E9DDCFD8}.Debug|x86.ActiveCfg = Debug|Win32
		{3E7F36D4-87DB-4CF1-A640-73D7E9DDCFD8}.Debug|x86.Build.0 = Debug|Win32
		{3E7F36D4-87DB-4CF1-A640-73D7E9DDCFD8}.Release|x64.ActiveCfg = Release|x64
		{3E7F36D4-87DB-4CF1-A640-73D7E9DDCFD8}.Release|x64.Build.0 = Release|x64
		{3E7F36D4-87DB-4CF1-A640-73D7E9DDCFD8}.Release|x86.ActiveCfg = Release|Win32
		{3E7F36D4-87DB-4CF1-A640-73D7E9DDCFD8}.Release|x86.Build.0 = Release|Win32
	EndGlobalSection
	GlobalSection(SolutionProperties) = preSolution
		HideSolutionNode = FALSE
	EndGlobalSection
EndGlobal
